
Microsoft Visual Studio Solution File, Format Version 12.00
# Visual Studio 15
Project("{FAE04EC0-301F-11D3-BF4B-00C04F79EFBC}") = "20180801_PicWord", "Assembly-CSharp.csproj", "{756FA3C2-4533-21CE-1FC4-C5979F4B72BF}"
EndProject
Project("{FAE04EC0-301F-11D3-BF4B-00C04F79EFBC}") = "20180801_PicWord", "Assembly-CSharp-Editor.csproj", "{6EE3EE50-7898-D974-2D82-86DF74981C40}"
EndProject
Global
	GlobalSection(SolutionConfigurationPlatforms) = preSolution
		Debug|Any CPU = Debug|Any CPU
		Release|Any CPU = Release|Any CPU
	EndGlobalSection
	GlobalSection(ProjectConfigurationPlatforms) = postSolution
		{756FA3C2-4533-21CE-1FC4-C5979F4B72BF}.Debug|Any CPU.ActiveCfg = Debug|Any CPU
		{756FA3C2-4533-21CE-1FC4-C5979F4B72BF}.Debug|Any CPU.Build.0 = Debug|Any CPU
		{756FA3C2-4533-21CE-1FC4-C5979F4B72BF}.Release|Any CPU.ActiveCfg = Release|Any CPU
		{756FA3C2-4533-21CE-1FC4-C5979F4B72BF}.Release|Any CPU.Build.0 = Release|Any CPU
		{6EE3EE50-7898-D974-2D82-86DF74981C40}.Debug|Any CPU.ActiveCfg = Debug|Any CPU
		{6EE3EE50-7898-D974-2D82-86DF74981C40}.Debug|Any CPU.Build.0 = Debug|Any CPU
		{6EE3EE50-7898-D974-2D82-86DF74981C40}.Release|Any CPU.ActiveCfg = Release|Any CPU
		{6EE3EE50-7898-D974-2D82-86DF74981C40}.Release|Any CPU.Build.0 = Release|Any CPU
	EndGlobalSection
	GlobalSection(SolutionProperties) = preSolution
		HideSolutionNode = FALSE
	EndGlobalSection
EndGlobal
