
Microsoft Visual Studio Solution File, Format Version 12.00
# Visual Studio 15
Project("{FAE04EC0-301F-11D3-BF4B-00C04F79EFBC}") = "PicWord", "Assembly-CSharp.csproj", "{20787D38-3508-6ED8-A236-7B6AF323CAC0}"
EndProject
Project("{FAE04EC0-301F-11D3-BF4B-00C04F79EFBC}") = "PicWord", "Assembly-CSharp-Editor.csproj", "{2FD2BCCB-2CBF-B830-8D80-D1E51D156A9A}"
EndProject
Global
	GlobalSection(SolutionConfigurationPlatforms) = preSolution
		Debug|Any CPU = Debug|Any CPU
		Release|Any CPU = Release|Any CPU
	EndGlobalSection
	GlobalSection(ProjectConfigurationPlatforms) = postSolution
		{20787D38-3508-6ED8-A236-7B6AF323CAC0}.Debug|Any CPU.ActiveCfg = Debug|Any CPU
		{20787D38-3508-6ED8-A236-7B6AF323CAC0}.Debug|Any CPU.Build.0 = Debug|Any CPU
		{20787D38-3508-6ED8-A236-7B6AF323CAC0}.Release|Any CPU.ActiveCfg = Release|Any CPU
		{20787D38-3508-6ED8-A236-7B6AF323CAC0}.Release|Any CPU.Build.0 = Release|Any CPU
		{2FD2BCCB-2CBF-B830-8D80-D1E51D156A9A}.Debug|Any CPU.ActiveCfg = Debug|Any CPU
		{2FD2BCCB-2CBF-B830-8D80-D1E51D156A9A}.Debug|Any CPU.Build.0 = Debug|Any CPU
		{2FD2BCCB-2CBF-B830-8D80-D1E51D156A9A}.Release|Any CPU.ActiveCfg = Release|Any CPU
		{2FD2BCCB-2CBF-B830-8D80-D1E51D156A9A}.Release|Any CPU.Build.0 = Release|Any CPU
	EndGlobalSection
	GlobalSection(SolutionProperties) = preSolution
		HideSolutionNode = FALSE
	EndGlobalSection
EndGlobal
